
Microsoft Visual Studio Solution File, Format Version 12.00
# Visual Studio Version 16
VisualStudioVersion = 16.0.31702.278
MinimumVisualStudioVersion = 10.0.40219.1
Project("{FAE04EC0-301F-11D3-BF4B-00C04F79EFBC}") = "Datatypes_GL", "Datatypes_GL\Datatypes_GL.csproj", "{133BC517-B0C2-46D5-A76C-9D78180B79BA}"
EndProject
Global
	GlobalSection(SolutionConfigurationPlatforms) = preSolution
		Debug|Any CPU = Debug|Any CPU
		Release|Any CPU = Release|Any CPU
	EndGlobalSection
	GlobalSection(ProjectConfigurationPlatforms) = postSolution
		{133BC517-B0C2-46D5-A76C-9D78180B79BA}.Debug|Any CPU.ActiveCfg = Debug|Any CPU
		{133BC517-B0C2-46D5-A76C-9D78180B79BA}.Debug|Any CPU.Build.0 = Debug|Any CPU
		{133BC517-B0C2-46D5-A76C-9D78180B79BA}.Release|Any CPU.ActiveCfg = Release|Any CPU
		{133BC517-B0C2-46D5-A76C-9D78180B79BA}.Release|Any CPU.Build.0 = Release|Any CPU
	EndGlobalSection
	GlobalSection(SolutionProperties) = preSolution
		HideSolutionNode = FALSE
	EndGlobalSection
	GlobalSection(ExtensibilityGlobals) = postSolution
		SolutionGuid = {C546CC0E-E51E-4DED-86D3-E8EA8CAC8692}
	EndGlobalSection
EndGlobal
