
Microsoft Visual Studio Solution File, Format Version 12.00
# Visual Studio Version 16
VisualStudioVersion = 16.0.31702.278
MinimumVisualStudioVersion = 10.0.40219.1
Project("{FAE04EC0-301F-11D3-BF4B-00C04F79EFBC}") = "Exception_GL", "Exception_GL\Exception_GL.csproj", "{89263373-97EA-4037-87E0-BC783912DADA}"
EndProject
Global
	GlobalSection(SolutionConfigurationPlatforms) = preSolution
		Debug|Any CPU = Debug|Any CPU
		Release|Any CPU = Release|Any CPU
	EndGlobalSection
	GlobalSection(ProjectConfigurationPlatforms) = postSolution
		{89263373-97EA-4037-87E0-BC783912DADA}.Debug|Any CPU.ActiveCfg = Debug|Any CPU
		{89263373-97EA-4037-87E0-BC783912DADA}.Debug|Any CPU.Build.0 = Debug|Any CPU
		{89263373-97EA-4037-87E0-BC783912DADA}.Release|Any CPU.ActiveCfg = Release|Any CPU
		{89263373-97EA-4037-87E0-BC783912DADA}.Release|Any CPU.Build.0 = Release|Any CPU
	EndGlobalSection
	GlobalSection(SolutionProperties) = preSolution
		HideSolutionNode = FALSE
	EndGlobalSection
	GlobalSection(ExtensibilityGlobals) = postSolution
		SolutionGuid = {D3123CAB-845E-4C2C-9A83-E04A2598107C}
	EndGlobalSection
EndGlobal
